// !$*UTF8*$!
{
	archiveVersion = 1;
	classes = {
	};
	objectVersion = 51;
	objects = {

/* Begin PBXBuildFile section */
		233B0F45241E8CF600F776CC /* LocationMatcher.swift in Sources */ = {isa = PBXBuildFile; fileRef = 233B0F44241E8CF600F776CC /* LocationMatcher.swift */; };
		233B0F47241E8D2600F776CC /* RecordedLocation.swift in Sources */ = {isa = PBXBuildFile; fileRef = 233B0F46241E8D2600F776CC /* RecordedLocation.swift */; };
		233B0F4A241EA53B00F776CC /* LocationMatcherTests.swift in Sources */ = {isa = PBXBuildFile; fileRef = 233B0F48241EA53000F776CC /* LocationMatcherTests.swift */; };
		233B0F4C241EAD7B00F776CC /* LocationsProvider.swift in Sources */ = {isa = PBXBuildFile; fileRef = 233B0F4B241EAD7B00F776CC /* LocationsProvider.swift */; };
		233B0F4E241EB18C00F776CC /* RecordedLocationTests.swift in Sources */ = {isa = PBXBuildFile; fileRef = 233B0F4D241EB18C00F776CC /* RecordedLocationTests.swift */; };
		233B0F50241F6A7000F776CC /* StaticData.swift in Sources */ = {isa = PBXBuildFile; fileRef = 233B0F4F241F6A7000F776CC /* StaticData.swift */; };
		233B0F52241F6C5E00F776CC /* Communicator.swift in Sources */ = {isa = PBXBuildFile; fileRef = 233B0F51241F6C5E00F776CC /* Communicator.swift */; };
		233B0F54241FA01300F776CC /* ChangeStatusView.swift in Sources */ = {isa = PBXBuildFile; fileRef = 233B0F53241FA01300F776CC /* ChangeStatusView.swift */; };
		233B0F56241FA3CE00F776CC /* Buttons.swift in Sources */ = {isa = PBXBuildFile; fileRef = 233B0F55241FA3CE00F776CC /* Buttons.swift */; };
		7789EA6F241E532400BC92E4 /* AppDelegate.swift in Sources */ = {isa = PBXBuildFile; fileRef = 7789EA6E241E532400BC92E4 /* AppDelegate.swift */; };
		7789EA73241E532400BC92E4 /* MainViewController.swift in Sources */ = {isa = PBXBuildFile; fileRef = 7789EA72241E532400BC92E4 /* MainViewController.swift */; };
		7789EA76241E532400BC92E4 /* Main.storyboard in Resources */ = {isa = PBXBuildFile; fileRef = 7789EA74241E532400BC92E4 /* Main.storyboard */; };
		7789EA79241E532400BC92E4 /* code_orange.xcdatamodeld in Sources */ = {isa = PBXBuildFile; fileRef = 7789EA77241E532400BC92E4 /* code_orange.xcdatamodeld */; };
		7789EA7B241E532400BC92E4 /* Assets.xcassets in Resources */ = {isa = PBXBuildFile; fileRef = 7789EA7A241E532400BC92E4 /* Assets.xcassets */; };
		7789EA7E241E532400BC92E4 /* LaunchScreen.storyboard in Resources */ = {isa = PBXBuildFile; fileRef = 7789EA7C241E532400BC92E4 /* LaunchScreen.storyboard */; };
		7789EA89241E532400BC92E4 /* code_orangeTests.swift in Sources */ = {isa = PBXBuildFile; fileRef = 7789EA88241E532400BC92E4 /* code_orangeTests.swift */; };
		77A37157241F899D00913FB3 /* UIColorExtension.swift in Sources */ = {isa = PBXBuildFile; fileRef = 77A37156241F899D00913FB3 /* UIColorExtension.swift */; };
		77A3715B241F982400913FB3 /* DrawerView.swift in Sources */ = {isa = PBXBuildFile; fileRef = 77A3715A241F982400913FB3 /* DrawerView.swift */; };
		77AA0548241E71BC002EC3DF /* UIView+AutoLayout.swift in Sources */ = {isa = PBXBuildFile; fileRef = 77AA0547241E71BC002EC3DF /* UIView+AutoLayout.swift */; };
		77AA054A241EB904002EC3DF /* CurrentLocationProvider.swift in Sources */ = {isa = PBXBuildFile; fileRef = 77AA0549241EB904002EC3DF /* CurrentLocationProvider.swift */; };
		77E55859241FC95300FFA45B /* VisitedLocationPanel.swift in Sources */ = {isa = PBXBuildFile; fileRef = 77E55858241FC95300FFA45B /* VisitedLocationPanel.swift */; };
		D2398E23241F3BBD009EE4A1 /* LocationService.swift in Sources */ = {isa = PBXBuildFile; fileRef = D2398E22241F3BBD009EE4A1 /* LocationService.swift */; };
		D25B8CAC241F637500C6DCB8 /* TLV-Test-Ride-Intinerary.gpx in Resources */ = {isa = PBXBuildFile; fileRef = D25B8CAB241F637500C6DCB8 /* TLV-Test-Ride-Intinerary.gpx */; };
		DAEE11DFC0C433E44F174B2F /* Pods_code_orangeTests.framework in Frameworks */ = {isa = PBXBuildFile; fileRef = 5D05ABFE5D0AAECB7FA466E9 /* Pods_code_orangeTests.framework */; };
		EBC2BDDE74924428CC46DD47 /* Pods_code_orange.framework in Frameworks */ = {isa = PBXBuildFile; fileRef = DA767D39FD6802378DBB90C6 /* Pods_code_orange.framework */; };
/* End PBXBuildFile section */

/* Begin PBXContainerItemProxy section */
		7789EA85241E532400BC92E4 /* PBXContainerItemProxy */ = {
			isa = PBXContainerItemProxy;
			containerPortal = 7789EA63241E532300BC92E4 /* Project object */;
			proxyType = 1;
			remoteGlobalIDString = 7789EA6A241E532400BC92E4;
			remoteInfo = "code-orange";
		};
/* End PBXContainerItemProxy section */

/* Begin PBXFileReference section */
		233B0F44241E8CF600F776CC /* LocationMatcher.swift */ = {isa = PBXFileReference; lastKnownFileType = sourcecode.swift; path = LocationMatcher.swift; sourceTree = "<group>"; };
		233B0F46241E8D2600F776CC /* RecordedLocation.swift */ = {isa = PBXFileReference; lastKnownFileType = sourcecode.swift; path = RecordedLocation.swift; sourceTree = "<group>"; };
		233B0F48241EA53000F776CC /* LocationMatcherTests.swift */ = {isa = PBXFileReference; lastKnownFileType = sourcecode.swift; path = LocationMatcherTests.swift; sourceTree = "<group>"; };
		233B0F4B241EAD7B00F776CC /* LocationsProvider.swift */ = {isa = PBXFileReference; lastKnownFileType = sourcecode.swift; path = LocationsProvider.swift; sourceTree = "<group>"; };
		233B0F4D241EB18C00F776CC /* RecordedLocationTests.swift */ = {isa = PBXFileReference; lastKnownFileType = sourcecode.swift; path = RecordedLocationTests.swift; sourceTree = "<group>"; };
		233B0F4F241F6A7000F776CC /* StaticData.swift */ = {isa = PBXFileReference; lastKnownFileType = sourcecode.swift; path = StaticData.swift; sourceTree = "<group>"; };
		233B0F51241F6C5E00F776CC /* Communicator.swift */ = {isa = PBXFileReference; lastKnownFileType = sourcecode.swift; path = Communicator.swift; sourceTree = "<group>"; };
		233B0F53241FA01300F776CC /* ChangeStatusView.swift */ = {isa = PBXFileReference; lastKnownFileType = sourcecode.swift; path = ChangeStatusView.swift; sourceTree = "<group>"; };
		233B0F55241FA3CE00F776CC /* Buttons.swift */ = {isa = PBXFileReference; lastKnownFileType = sourcecode.swift; path = Buttons.swift; sourceTree = "<group>"; };
		234AF3E4241FC419008095FE /* he-IL */ = {isa = PBXFileReference; lastKnownFileType = text.plist.strings; name = "he-IL"; path = "he-IL.lproj/LaunchScreen.strings"; sourceTree = "<group>"; };
		234AF3E5241FC419008095FE /* he-IL */ = {isa = PBXFileReference; lastKnownFileType = text.plist.strings; name = "he-IL"; path = "he-IL.lproj/Main.strings"; sourceTree = "<group>"; };
		3130236DCDD5C9020FEC93E4 /* Pods-code-orangeTests.debug.xcconfig */ = {isa = PBXFileReference; includeInIndex = 1; lastKnownFileType = text.xcconfig; name = "Pods-code-orangeTests.debug.xcconfig"; path = "Target Support Files/Pods-code-orangeTests/Pods-code-orangeTests.debug.xcconfig"; sourceTree = "<group>"; };
		46DA6F21814C524D83C16103 /* Pods-code-orange.debug.xcconfig */ = {isa = PBXFileReference; includeInIndex = 1; lastKnownFileType = text.xcconfig; name = "Pods-code-orange.debug.xcconfig"; path = "Target Support Files/Pods-code-orange/Pods-code-orange.debug.xcconfig"; sourceTree = "<group>"; };
		4A0A0F8B1012E417F5BBBA96 /* Pods-code-orange.release.xcconfig */ = {isa = PBXFileReference; includeInIndex = 1; lastKnownFileType = text.xcconfig; name = "Pods-code-orange.release.xcconfig"; path = "Target Support Files/Pods-code-orange/Pods-code-orange.release.xcconfig"; sourceTree = "<group>"; };
		5D05ABFE5D0AAECB7FA466E9 /* Pods_code_orangeTests.framework */ = {isa = PBXFileReference; explicitFileType = wrapper.framework; includeInIndex = 0; path = Pods_code_orangeTests.framework; sourceTree = BUILT_PRODUCTS_DIR; };
		7789EA6B241E532400BC92E4 /* code-orange.app */ = {isa = PBXFileReference; explicitFileType = wrapper.application; includeInIndex = 0; path = "code-orange.app"; sourceTree = BUILT_PRODUCTS_DIR; };
		7789EA6E241E532400BC92E4 /* AppDelegate.swift */ = {isa = PBXFileReference; lastKnownFileType = sourcecode.swift; path = AppDelegate.swift; sourceTree = "<group>"; };
		7789EA72241E532400BC92E4 /* MainViewController.swift */ = {isa = PBXFileReference; lastKnownFileType = sourcecode.swift; path = MainViewController.swift; sourceTree = "<group>"; };
		7789EA75241E532400BC92E4 /* Base */ = {isa = PBXFileReference; lastKnownFileType = file.storyboard; name = Base; path = Base.lproj/Main.storyboard; sourceTree = "<group>"; };
		7789EA78241E532400BC92E4 /* code_orange.xcdatamodel */ = {isa = PBXFileReference; lastKnownFileType = wrapper.xcdatamodel; path = code_orange.xcdatamodel; sourceTree = "<group>"; };
		7789EA7A241E532400BC92E4 /* Assets.xcassets */ = {isa = PBXFileReference; lastKnownFileType = folder.assetcatalog; path = Assets.xcassets; sourceTree = "<group>"; };
		7789EA7D241E532400BC92E4 /* Base */ = {isa = PBXFileReference; lastKnownFileType = file.storyboard; name = Base; path = Base.lproj/LaunchScreen.storyboard; sourceTree = "<group>"; };
		7789EA7F241E532400BC92E4 /* Info.plist */ = {isa = PBXFileReference; lastKnownFileType = text.plist.xml; path = Info.plist; sourceTree = "<group>"; };
		7789EA84241E532400BC92E4 /* code-orangeTests.xctest */ = {isa = PBXFileReference; explicitFileType = wrapper.cfbundle; includeInIndex = 0; path = "code-orangeTests.xctest"; sourceTree = BUILT_PRODUCTS_DIR; };
		7789EA88241E532400BC92E4 /* code_orangeTests.swift */ = {isa = PBXFileReference; lastKnownFileType = sourcecode.swift; path = code_orangeTests.swift; sourceTree = "<group>"; };
		7789EA8A241E532400BC92E4 /* Info.plist */ = {isa = PBXFileReference; lastKnownFileType = text.plist.xml; path = Info.plist; sourceTree = "<group>"; };
		77A37156241F899D00913FB3 /* UIColorExtension.swift */ = {isa = PBXFileReference; fileEncoding = 4; lastKnownFileType = sourcecode.swift; path = UIColorExtension.swift; sourceTree = "<group>"; };
		77A3715A241F982400913FB3 /* DrawerView.swift */ = {isa = PBXFileReference; lastKnownFileType = sourcecode.swift; path = DrawerView.swift; sourceTree = "<group>"; };
		77AA0547241E71BC002EC3DF /* UIView+AutoLayout.swift */ = {isa = PBXFileReference; fileEncoding = 4; lastKnownFileType = sourcecode.swift; path = "UIView+AutoLayout.swift"; sourceTree = "<group>"; };
		77AA0549241EB904002EC3DF /* CurrentLocationProvider.swift */ = {isa = PBXFileReference; lastKnownFileType = sourcecode.swift; path = CurrentLocationProvider.swift; sourceTree = "<group>"; };
		77E55858241FC95300FFA45B /* VisitedLocationPanel.swift */ = {isa = PBXFileReference; lastKnownFileType = sourcecode.swift; path = VisitedLocationPanel.swift; sourceTree = "<group>"; };
		B2526FADFC6649CE407724FA /* Pods-code-orangeTests.release.xcconfig */ = {isa = PBXFileReference; includeInIndex = 1; lastKnownFileType = text.xcconfig; name = "Pods-code-orangeTests.release.xcconfig"; path = "Target Support Files/Pods-code-orangeTests/Pods-code-orangeTests.release.xcconfig"; sourceTree = "<group>"; };
		D2398E22241F3BBD009EE4A1 /* LocationService.swift */ = {isa = PBXFileReference; lastKnownFileType = sourcecode.swift; path = LocationService.swift; sourceTree = "<group>"; };
		D25B8CAB241F637500C6DCB8 /* TLV-Test-Ride-Intinerary.gpx */ = {isa = PBXFileReference; fileEncoding = 4; lastKnownFileType = text.xml; path = "TLV-Test-Ride-Intinerary.gpx"; sourceTree = "<group>"; };
		DA767D39FD6802378DBB90C6 /* Pods_code_orange.framework */ = {isa = PBXFileReference; explicitFileType = wrapper.framework; includeInIndex = 0; path = Pods_code_orange.framework; sourceTree = BUILT_PRODUCTS_DIR; };
/* End PBXFileReference section */

/* Begin PBXFrameworksBuildPhase section */
		7789EA68241E532400BC92E4 /* Frameworks */ = {
			isa = PBXFrameworksBuildPhase;
			buildActionMask = 2147483647;
			files = (
				EBC2BDDE74924428CC46DD47 /* Pods_code_orange.framework in Frameworks */,
			);
			runOnlyForDeploymentPostprocessing = 0;
		};
		7789EA81241E532400BC92E4 /* Frameworks */ = {
			isa = PBXFrameworksBuildPhase;
			buildActionMask = 2147483647;
			files = (
				DAEE11DFC0C433E44F174B2F /* Pods_code_orangeTests.framework in Frameworks */,
			);
			runOnlyForDeploymentPostprocessing = 0;
		};
/* End PBXFrameworksBuildPhase section */

/* Begin PBXGroup section */
		492470F18B33CC824B06D5E3 /* Pods */ = {
			isa = PBXGroup;
			children = (
				46DA6F21814C524D83C16103 /* Pods-code-orange.debug.xcconfig */,
				4A0A0F8B1012E417F5BBBA96 /* Pods-code-orange.release.xcconfig */,
				3130236DCDD5C9020FEC93E4 /* Pods-code-orangeTests.debug.xcconfig */,
				B2526FADFC6649CE407724FA /* Pods-code-orangeTests.release.xcconfig */,
			);
			path = Pods;
			sourceTree = "<group>";
		};
		7789EA62241E532300BC92E4 = {
			isa = PBXGroup;
			children = (
				7789EA6D241E532400BC92E4 /* code-orange */,
				7789EA87241E532400BC92E4 /* code-orangeTests */,
				7789EA6C241E532400BC92E4 /* Products */,
				492470F18B33CC824B06D5E3 /* Pods */,
				85BB59FBA2FE711BFC02B065 /* Frameworks */,
			);
			sourceTree = "<group>";
		};
		7789EA6C241E532400BC92E4 /* Products */ = {
			isa = PBXGroup;
			children = (
				7789EA6B241E532400BC92E4 /* code-orange.app */,
				7789EA84241E532400BC92E4 /* code-orangeTests.xctest */,
			);
			name = Products;
			sourceTree = "<group>";
		};
		7789EA6D241E532400BC92E4 /* code-orange */ = {
			isa = PBXGroup;
			children = (
				77A37156241F899D00913FB3 /* UIColorExtension.swift */,
				7789EA6E241E532400BC92E4 /* AppDelegate.swift */,
				7789EA7A241E532400BC92E4 /* Assets.xcassets */,
				7789EA77241E532400BC92E4 /* code_orange.xcdatamodeld */,
				7789EA7F241E532400BC92E4 /* Info.plist */,
				7789EA7C241E532400BC92E4 /* LaunchScreen.storyboard */,
				233B0F44241E8CF600F776CC /* LocationMatcher.swift */,
				77AA0549241EB904002EC3DF /* CurrentLocationProvider.swift */,
				233B0F4B241EAD7B00F776CC /* LocationsProvider.swift */,
				7789EA74241E532400BC92E4 /* Main.storyboard */,
				7789EA72241E532400BC92E4 /* MainViewController.swift */,
				233B0F46241E8D2600F776CC /* RecordedLocation.swift */,
				77AA0547241E71BC002EC3DF /* UIView+AutoLayout.swift */,
				77A3715A241F982400913FB3 /* DrawerView.swift */,
				233B0F4F241F6A7000F776CC /* StaticData.swift */,
				233B0F51241F6C5E00F776CC /* Communicator.swift */,
        77E55858241FC95300FFA45B /* VisitedLocationPanel.swift */,
				233B0F53241FA01300F776CC /* ChangeStatusView.swift */,
				233B0F55241FA3CE00F776CC /* Buttons.swift */,
				D2398E22241F3BBD009EE4A1 /* LocationService.swift */,
				D25B8CAB241F637500C6DCB8 /* TLV-Test-Ride-Intinerary.gpx */,
			);
			path = "code-orange";
			sourceTree = "<group>";
		};
		7789EA87241E532400BC92E4 /* code-orangeTests */ = {
			isa = PBXGroup;
			children = (
				7789EA88241E532400BC92E4 /* code_orangeTests.swift */,
				233B0F48241EA53000F776CC /* LocationMatcherTests.swift */,
				7789EA8A241E532400BC92E4 /* Info.plist */,
				233B0F4D241EB18C00F776CC /* RecordedLocationTests.swift */,
			);
			path = "code-orangeTests";
			sourceTree = "<group>";
		};
		85BB59FBA2FE711BFC02B065 /* Frameworks */ = {
			isa = PBXGroup;
			children = (
				DA767D39FD6802378DBB90C6 /* Pods_code_orange.framework */,
				5D05ABFE5D0AAECB7FA466E9 /* Pods_code_orangeTests.framework */,
			);
			name = Frameworks;
			sourceTree = "<group>";
		};
/* End PBXGroup section */

/* Begin PBXNativeTarget section */
		7789EA6A241E532400BC92E4 /* code-orange */ = {
			isa = PBXNativeTarget;
			buildConfigurationList = 7789EA8D241E532400BC92E4 /* Build configuration list for PBXNativeTarget "code-orange" */;
			buildPhases = (
				258051D21BE19038282CD4EB /* [CP] Check Pods Manifest.lock */,
				7789EA67241E532400BC92E4 /* Sources */,
				7789EA68241E532400BC92E4 /* Frameworks */,
				7789EA69241E532400BC92E4 /* Resources */,
				5388FD7938A007A37303FC6C /* [CP] Copy Pods Resources */,
			);
			buildRules = (
			);
			dependencies = (
			);
			name = "code-orange";
			productName = "code-orange";
			productReference = 7789EA6B241E532400BC92E4 /* code-orange.app */;
			productType = "com.apple.product-type.application";
		};
		7789EA83241E532400BC92E4 /* code-orangeTests */ = {
			isa = PBXNativeTarget;
			buildConfigurationList = 7789EA90241E532400BC92E4 /* Build configuration list for PBXNativeTarget "code-orangeTests" */;
			buildPhases = (
				8EBE27DBF18B2B937831DFF6 /* [CP] Check Pods Manifest.lock */,
				7789EA80241E532400BC92E4 /* Sources */,
				7789EA81241E532400BC92E4 /* Frameworks */,
				7789EA82241E532400BC92E4 /* Resources */,
			);
			buildRules = (
			);
			dependencies = (
				7789EA86241E532400BC92E4 /* PBXTargetDependency */,
			);
			name = "code-orangeTests";
			productName = "code-orangeTests";
			productReference = 7789EA84241E532400BC92E4 /* code-orangeTests.xctest */;
			productType = "com.apple.product-type.bundle.unit-test";
		};
/* End PBXNativeTarget section */

/* Begin PBXProject section */
		7789EA63241E532300BC92E4 /* Project object */ = {
			isa = PBXProject;
			attributes = {
				LastSwiftUpdateCheck = 1130;
				LastUpgradeCheck = 1130;
				ORGANIZATIONNAME = "Renen Elal";
				TargetAttributes = {
					7789EA6A241E532400BC92E4 = {
						CreatedOnToolsVersion = 11.3.1;
					};
					7789EA83241E532400BC92E4 = {
						CreatedOnToolsVersion = 11.3.1;
						TestTargetID = 7789EA6A241E532400BC92E4;
					};
				};
			};
			buildConfigurationList = 7789EA66241E532300BC92E4 /* Build configuration list for PBXProject "code-orange" */;
			compatibilityVersion = "Xcode 9.3";
			developmentRegion = en;
			hasScannedForEncodings = 0;
			knownRegions = (
				en,
				Base,
				"he-IL",
			);
			mainGroup = 7789EA62241E532300BC92E4;
			productRefGroup = 7789EA6C241E532400BC92E4 /* Products */;
			projectDirPath = "";
			projectRoot = "";
			targets = (
				7789EA6A241E532400BC92E4 /* code-orange */,
				7789EA83241E532400BC92E4 /* code-orangeTests */,
			);
		};
/* End PBXProject section */

/* Begin PBXResourcesBuildPhase section */
		7789EA69241E532400BC92E4 /* Resources */ = {
			isa = PBXResourcesBuildPhase;
			buildActionMask = 2147483647;
			files = (
				7789EA7E241E532400BC92E4 /* LaunchScreen.storyboard in Resources */,
				7789EA7B241E532400BC92E4 /* Assets.xcassets in Resources */,
				7789EA76241E532400BC92E4 /* Main.storyboard in Resources */,
				D25B8CAC241F637500C6DCB8 /* TLV-Test-Ride-Intinerary.gpx in Resources */,
			);
			runOnlyForDeploymentPostprocessing = 0;
		};
		7789EA82241E532400BC92E4 /* Resources */ = {
			isa = PBXResourcesBuildPhase;
			buildActionMask = 2147483647;
			files = (
			);
			runOnlyForDeploymentPostprocessing = 0;
		};
/* End PBXResourcesBuildPhase section */

/* Begin PBXShellScriptBuildPhase section */
		258051D21BE19038282CD4EB /* [CP] Check Pods Manifest.lock */ = {
			isa = PBXShellScriptBuildPhase;
			buildActionMask = 2147483647;
			files = (
			);
			inputFileListPaths = (
			);
			inputPaths = (
				"${PODS_PODFILE_DIR_PATH}/Podfile.lock",
				"${PODS_ROOT}/Manifest.lock",
			);
			name = "[CP] Check Pods Manifest.lock";
			outputFileListPaths = (
			);
			outputPaths = (
				"$(DERIVED_FILE_DIR)/Pods-code-orange-checkManifestLockResult.txt",
			);
			runOnlyForDeploymentPostprocessing = 0;
			shellPath = /bin/sh;
			shellScript = "diff \"${PODS_PODFILE_DIR_PATH}/Podfile.lock\" \"${PODS_ROOT}/Manifest.lock\" > /dev/null\nif [ $? != 0 ] ; then\n    # print error to STDERR\n    echo \"error: The sandbox is not in sync with the Podfile.lock. Run 'pod install' or update your CocoaPods installation.\" >&2\n    exit 1\nfi\n# This output is used by Xcode 'outputs' to avoid re-running this script phase.\necho \"SUCCESS\" > \"${SCRIPT_OUTPUT_FILE_0}\"\n";
			showEnvVarsInLog = 0;
		};
		5388FD7938A007A37303FC6C /* [CP] Copy Pods Resources */ = {
			isa = PBXShellScriptBuildPhase;
			buildActionMask = 2147483647;
			files = (
			);
			inputFileListPaths = (
				"${PODS_ROOT}/Target Support Files/Pods-code-orange/Pods-code-orange-resources-${CONFIGURATION}-input-files.xcfilelist",
			);
			name = "[CP] Copy Pods Resources";
			outputFileListPaths = (
				"${PODS_ROOT}/Target Support Files/Pods-code-orange/Pods-code-orange-resources-${CONFIGURATION}-output-files.xcfilelist",
			);
			runOnlyForDeploymentPostprocessing = 0;
			shellPath = /bin/sh;
			shellScript = "\"${PODS_ROOT}/Target Support Files/Pods-code-orange/Pods-code-orange-resources.sh\"\n";
			showEnvVarsInLog = 0;
		};
		8EBE27DBF18B2B937831DFF6 /* [CP] Check Pods Manifest.lock */ = {
			isa = PBXShellScriptBuildPhase;
			buildActionMask = 2147483647;
			files = (
			);
			inputFileListPaths = (
			);
			inputPaths = (
				"${PODS_PODFILE_DIR_PATH}/Podfile.lock",
				"${PODS_ROOT}/Manifest.lock",
			);
			name = "[CP] Check Pods Manifest.lock";
			outputFileListPaths = (
			);
			outputPaths = (
				"$(DERIVED_FILE_DIR)/Pods-code-orangeTests-checkManifestLockResult.txt",
			);
			runOnlyForDeploymentPostprocessing = 0;
			shellPath = /bin/sh;
			shellScript = "diff \"${PODS_PODFILE_DIR_PATH}/Podfile.lock\" \"${PODS_ROOT}/Manifest.lock\" > /dev/null\nif [ $? != 0 ] ; then\n    # print error to STDERR\n    echo \"error: The sandbox is not in sync with the Podfile.lock. Run 'pod install' or update your CocoaPods installation.\" >&2\n    exit 1\nfi\n# This output is used by Xcode 'outputs' to avoid re-running this script phase.\necho \"SUCCESS\" > \"${SCRIPT_OUTPUT_FILE_0}\"\n";
			showEnvVarsInLog = 0;
		};
/* End PBXShellScriptBuildPhase section */

/* Begin PBXSourcesBuildPhase section */
		7789EA67241E532400BC92E4 /* Sources */ = {
			isa = PBXSourcesBuildPhase;
			buildActionMask = 2147483647;
			files = (
				7789EA73241E532400BC92E4 /* MainViewController.swift in Sources */,
				233B0F52241F6C5E00F776CC /* Communicator.swift in Sources */,
				77AA0548241E71BC002EC3DF /* UIView+AutoLayout.swift in Sources */,
        77E55859241FC95300FFA45B /* VisitedLocationPanel.swift in Sources */,
				233B0F56241FA3CE00F776CC /* Buttons.swift in Sources */,
				233B0F54241FA01300F776CC /* ChangeStatusView.swift in Sources */,
				7789EA6F241E532400BC92E4 /* AppDelegate.swift in Sources */,
				77A3715B241F982400913FB3 /* DrawerView.swift in Sources */,
				7789EA79241E532400BC92E4 /* code_orange.xcdatamodeld in Sources */,
				77AA054A241EB904002EC3DF /* CurrentLocationProvider.swift in Sources */,
				77A37157241F899D00913FB3 /* UIColorExtension.swift in Sources */,
				233B0F4C241EAD7B00F776CC /* LocationsProvider.swift in Sources */,
				233B0F50241F6A7000F776CC /* StaticData.swift in Sources */,
				233B0F47241E8D2600F776CC /* RecordedLocation.swift in Sources */,
				D2398E23241F3BBD009EE4A1 /* LocationService.swift in Sources */,
				233B0F45241E8CF600F776CC /* LocationMatcher.swift in Sources */,
			);
			runOnlyForDeploymentPostprocessing = 0;
		};
		7789EA80241E532400BC92E4 /* Sources */ = {
			isa = PBXSourcesBuildPhase;
			buildActionMask = 2147483647;
			files = (
				233B0F4E241EB18C00F776CC /* RecordedLocationTests.swift in Sources */,
				7789EA89241E532400BC92E4 /* code_orangeTests.swift in Sources */,
				233B0F4A241EA53B00F776CC /* LocationMatcherTests.swift in Sources */,
			);
			runOnlyForDeploymentPostprocessing = 0;
		};
/* End PBXSourcesBuildPhase section */

/* Begin PBXTargetDependency section */
		7789EA86241E532400BC92E4 /* PBXTargetDependency */ = {
			isa = PBXTargetDependency;
			target = 7789EA6A241E532400BC92E4 /* code-orange */;
			targetProxy = 7789EA85241E532400BC92E4 /* PBXContainerItemProxy */;
		};
/* End PBXTargetDependency section */

/* Begin PBXVariantGroup section */
		7789EA74241E532400BC92E4 /* Main.storyboard */ = {
			isa = PBXVariantGroup;
			children = (
				7789EA75241E532400BC92E4 /* Base */,
				234AF3E5241FC419008095FE /* he-IL */,
			);
			name = Main.storyboard;
			sourceTree = "<group>";
		};
		7789EA7C241E532400BC92E4 /* LaunchScreen.storyboard */ = {
			isa = PBXVariantGroup;
			children = (
				7789EA7D241E532400BC92E4 /* Base */,
				234AF3E4241FC419008095FE /* he-IL */,
			);
			name = LaunchScreen.storyboard;
			sourceTree = "<group>";
		};
/* End PBXVariantGroup section */

/* Begin XCBuildConfiguration section */
		7789EA8B241E532400BC92E4 /* Debug */ = {
			isa = XCBuildConfiguration;
			buildSettings = {
				ALWAYS_SEARCH_USER_PATHS = NO;
				CLANG_ANALYZER_LOCALIZABILITY_NONLOCALIZED = YES;
				CLANG_ANALYZER_NONNULL = YES;
				CLANG_ANALYZER_NUMBER_OBJECT_CONVERSION = YES_AGGRESSIVE;
				CLANG_CXX_LANGUAGE_STANDARD = "gnu++14";
				CLANG_CXX_LIBRARY = "libc++";
				CLANG_ENABLE_MODULES = YES;
				CLANG_ENABLE_OBJC_ARC = YES;
				CLANG_ENABLE_OBJC_WEAK = YES;
				CLANG_WARN_BLOCK_CAPTURE_AUTORELEASING = YES;
				CLANG_WARN_BOOL_CONVERSION = YES;
				CLANG_WARN_COMMA = YES;
				CLANG_WARN_CONSTANT_CONVERSION = YES;
				CLANG_WARN_DEPRECATED_OBJC_IMPLEMENTATIONS = YES;
				CLANG_WARN_DIRECT_OBJC_ISA_USAGE = YES_ERROR;
				CLANG_WARN_DOCUMENTATION_COMMENTS = YES;
				CLANG_WARN_EMPTY_BODY = YES;
				CLANG_WARN_ENUM_CONVERSION = YES;
				CLANG_WARN_INFINITE_RECURSION = YES;
				CLANG_WARN_INT_CONVERSION = YES;
				CLANG_WARN_NON_LITERAL_NULL_CONVERSION = YES;
				CLANG_WARN_OBJC_IMPLICIT_RETAIN_SELF = YES;
				CLANG_WARN_OBJC_LITERAL_CONVERSION = YES;
				CLANG_WARN_OBJC_ROOT_CLASS = YES_ERROR;
				CLANG_WARN_RANGE_LOOP_ANALYSIS = YES;
				CLANG_WARN_STRICT_PROTOTYPES = YES;
				CLANG_WARN_SUSPICIOUS_MOVE = YES;
				CLANG_WARN_UNGUARDED_AVAILABILITY = YES_AGGRESSIVE;
				CLANG_WARN_UNREACHABLE_CODE = YES;
				CLANG_WARN__DUPLICATE_METHOD_MATCH = YES;
				COPY_PHASE_STRIP = NO;
				DEBUG_INFORMATION_FORMAT = dwarf;
				ENABLE_STRICT_OBJC_MSGSEND = YES;
				ENABLE_TESTABILITY = YES;
				GCC_C_LANGUAGE_STANDARD = gnu11;
				GCC_DYNAMIC_NO_PIC = NO;
				GCC_NO_COMMON_BLOCKS = YES;
				GCC_OPTIMIZATION_LEVEL = 0;
				GCC_PREPROCESSOR_DEFINITIONS = (
					"DEBUG=1",
					"$(inherited)",
				);
				GCC_WARN_64_TO_32_BIT_CONVERSION = YES;
				GCC_WARN_ABOUT_RETURN_TYPE = YES_ERROR;
				GCC_WARN_UNDECLARED_SELECTOR = YES;
				GCC_WARN_UNINITIALIZED_AUTOS = YES_AGGRESSIVE;
				GCC_WARN_UNUSED_FUNCTION = YES;
				GCC_WARN_UNUSED_VARIABLE = YES;
				IPHONEOS_DEPLOYMENT_TARGET = 10.3;
				MTL_ENABLE_DEBUG_INFO = INCLUDE_SOURCE;
				MTL_FAST_MATH = YES;
				ONLY_ACTIVE_ARCH = YES;
				SDKROOT = iphoneos;
				SWIFT_ACTIVE_COMPILATION_CONDITIONS = DEBUG;
				SWIFT_OPTIMIZATION_LEVEL = "-Onone";
			};
			name = Debug;
		};
		7789EA8C241E532400BC92E4 /* Release */ = {
			isa = XCBuildConfiguration;
			buildSettings = {
				ALWAYS_SEARCH_USER_PATHS = NO;
				CLANG_ANALYZER_LOCALIZABILITY_NONLOCALIZED = YES;
				CLANG_ANALYZER_NONNULL = YES;
				CLANG_ANALYZER_NUMBER_OBJECT_CONVERSION = YES_AGGRESSIVE;
				CLANG_CXX_LANGUAGE_STANDARD = "gnu++14";
				CLANG_CXX_LIBRARY = "libc++";
				CLANG_ENABLE_MODULES = YES;
				CLANG_ENABLE_OBJC_ARC = YES;
				CLANG_ENABLE_OBJC_WEAK = YES;
				CLANG_WARN_BLOCK_CAPTURE_AUTORELEASING = YES;
				CLANG_WARN_BOOL_CONVERSION = YES;
				CLANG_WARN_COMMA = YES;
				CLANG_WARN_CONSTANT_CONVERSION = YES;
				CLANG_WARN_DEPRECATED_OBJC_IMPLEMENTATIONS = YES;
				CLANG_WARN_DIRECT_OBJC_ISA_USAGE = YES_ERROR;
				CLANG_WARN_DOCUMENTATION_COMMENTS = YES;
				CLANG_WARN_EMPTY_BODY = YES;
				CLANG_WARN_ENUM_CONVERSION = YES;
				CLANG_WARN_INFINITE_RECURSION = YES;
				CLANG_WARN_INT_CONVERSION = YES;
				CLANG_WARN_NON_LITERAL_NULL_CONVERSION = YES;
				CLANG_WARN_OBJC_IMPLICIT_RETAIN_SELF = YES;
				CLANG_WARN_OBJC_LITERAL_CONVERSION = YES;
				CLANG_WARN_OBJC_ROOT_CLASS = YES_ERROR;
				CLANG_WARN_RANGE_LOOP_ANALYSIS = YES;
				CLANG_WARN_STRICT_PROTOTYPES = YES;
				CLANG_WARN_SUSPICIOUS_MOVE = YES;
				CLANG_WARN_UNGUARDED_AVAILABILITY = YES_AGGRESSIVE;
				CLANG_WARN_UNREACHABLE_CODE = YES;
				CLANG_WARN__DUPLICATE_METHOD_MATCH = YES;
				COPY_PHASE_STRIP = NO;
				DEBUG_INFORMATION_FORMAT = "dwarf-with-dsym";
				ENABLE_NS_ASSERTIONS = NO;
				ENABLE_STRICT_OBJC_MSGSEND = YES;
				GCC_C_LANGUAGE_STANDARD = gnu11;
				GCC_NO_COMMON_BLOCKS = YES;
				GCC_WARN_64_TO_32_BIT_CONVERSION = YES;
				GCC_WARN_ABOUT_RETURN_TYPE = YES_ERROR;
				GCC_WARN_UNDECLARED_SELECTOR = YES;
				GCC_WARN_UNINITIALIZED_AUTOS = YES_AGGRESSIVE;
				GCC_WARN_UNUSED_FUNCTION = YES;
				GCC_WARN_UNUSED_VARIABLE = YES;
				IPHONEOS_DEPLOYMENT_TARGET = 10.3;
				MTL_ENABLE_DEBUG_INFO = NO;
				MTL_FAST_MATH = YES;
				SDKROOT = iphoneos;
				SWIFT_COMPILATION_MODE = wholemodule;
				SWIFT_OPTIMIZATION_LEVEL = "-O";
				VALIDATE_PRODUCT = YES;
			};
			name = Release;
		};
		7789EA8E241E532400BC92E4 /* Debug */ = {
			isa = XCBuildConfiguration;
			baseConfigurationReference = 46DA6F21814C524D83C16103 /* Pods-code-orange.debug.xcconfig */;
			buildSettings = {
				ASSETCATALOG_COMPILER_APPICON_NAME = AppIcon;
				CODE_SIGN_STYLE = Automatic;
				DEVELOPMENT_TEAM = E6KB8WYCTF;
				INFOPLIST_FILE = "code-orange/Info.plist";
				LD_RUNPATH_SEARCH_PATHS = (
					"$(inherited)",
					"@executable_path/Frameworks",
				);
				PRODUCT_BUNDLE_IDENTIFIER = "org.codeorange.code-orange";
				PRODUCT_NAME = "$(TARGET_NAME)";
				SWIFT_VERSION = 5.0;
				TARGETED_DEVICE_FAMILY = "1,2";
			};
			name = Debug;
		};
		7789EA8F241E532400BC92E4 /* Release */ = {
			isa = XCBuildConfiguration;
			baseConfigurationReference = 4A0A0F8B1012E417F5BBBA96 /* Pods-code-orange.release.xcconfig */;
			buildSettings = {
				ASSETCATALOG_COMPILER_APPICON_NAME = AppIcon;
				CODE_SIGN_STYLE = Automatic;
				DEVELOPMENT_TEAM = E6KB8WYCTF;
				INFOPLIST_FILE = "code-orange/Info.plist";
				LD_RUNPATH_SEARCH_PATHS = (
					"$(inherited)",
					"@executable_path/Frameworks",
				);
				PRODUCT_BUNDLE_IDENTIFIER = "org.codeorange.code-orange";
				PRODUCT_NAME = "$(TARGET_NAME)";
				SWIFT_VERSION = 5.0;
				TARGETED_DEVICE_FAMILY = "1,2";
			};
			name = Release;
		};
		7789EA91241E532400BC92E4 /* Debug */ = {
			isa = XCBuildConfiguration;
			baseConfigurationReference = 3130236DCDD5C9020FEC93E4 /* Pods-code-orangeTests.debug.xcconfig */;
			buildSettings = {
				ALWAYS_EMBED_SWIFT_STANDARD_LIBRARIES = YES;
				BUNDLE_LOADER = "$(TEST_HOST)";
				CODE_SIGN_STYLE = Automatic;
				DEVELOPMENT_TEAM = E6KB8WYCTF;
				INFOPLIST_FILE = "code-orangeTests/Info.plist";
				IPHONEOS_DEPLOYMENT_TARGET = 13.2;
				LD_RUNPATH_SEARCH_PATHS = (
					"$(inherited)",
					"@executable_path/Frameworks",
					"@loader_path/Frameworks",
				);
				PRODUCT_BUNDLE_IDENTIFIER = "org.codeorange.code-orangeTests";
				PRODUCT_NAME = "$(TARGET_NAME)";
				SWIFT_VERSION = 5.0;
				TARGETED_DEVICE_FAMILY = "1,2";
				TEST_HOST = "$(BUILT_PRODUCTS_DIR)/code-orange.app/code-orange";
			};
			name = Debug;
		};
		7789EA92241E532400BC92E4 /* Release */ = {
			isa = XCBuildConfiguration;
			baseConfigurationReference = B2526FADFC6649CE407724FA /* Pods-code-orangeTests.release.xcconfig */;
			buildSettings = {
				ALWAYS_EMBED_SWIFT_STANDARD_LIBRARIES = YES;
				BUNDLE_LOADER = "$(TEST_HOST)";
				CODE_SIGN_STYLE = Automatic;
				DEVELOPMENT_TEAM = E6KB8WYCTF;
				INFOPLIST_FILE = "code-orangeTests/Info.plist";
				IPHONEOS_DEPLOYMENT_TARGET = 13.2;
				LD_RUNPATH_SEARCH_PATHS = (
					"$(inherited)",
					"@executable_path/Frameworks",
					"@loader_path/Frameworks",
				);
				PRODUCT_BUNDLE_IDENTIFIER = "org.codeorange.code-orangeTests";
				PRODUCT_NAME = "$(TARGET_NAME)";
				SWIFT_VERSION = 5.0;
				TARGETED_DEVICE_FAMILY = "1,2";
				TEST_HOST = "$(BUILT_PRODUCTS_DIR)/code-orange.app/code-orange";
			};
			name = Release;
		};
/* End XCBuildConfiguration section */

/* Begin XCConfigurationList section */
		7789EA66241E532300BC92E4 /* Build configuration list for PBXProject "code-orange" */ = {
			isa = XCConfigurationList;
			buildConfigurations = (
				7789EA8B241E532400BC92E4 /* Debug */,
				7789EA8C241E532400BC92E4 /* Release */,
			);
			defaultConfigurationIsVisible = 0;
			defaultConfigurationName = Release;
		};
		7789EA8D241E532400BC92E4 /* Build configuration list for PBXNativeTarget "code-orange" */ = {
			isa = XCConfigurationList;
			buildConfigurations = (
				7789EA8E241E532400BC92E4 /* Debug */,
				7789EA8F241E532400BC92E4 /* Release */,
			);
			defaultConfigurationIsVisible = 0;
			defaultConfigurationName = Release;
		};
		7789EA90241E532400BC92E4 /* Build configuration list for PBXNativeTarget "code-orangeTests" */ = {
			isa = XCConfigurationList;
			buildConfigurations = (
				7789EA91241E532400BC92E4 /* Debug */,
				7789EA92241E532400BC92E4 /* Release */,
			);
			defaultConfigurationIsVisible = 0;
			defaultConfigurationName = Release;
		};
/* End XCConfigurationList section */

/* Begin XCVersionGroup section */
		7789EA77241E532400BC92E4 /* code_orange.xcdatamodeld */ = {
			isa = XCVersionGroup;
			children = (
				7789EA78241E532400BC92E4 /* code_orange.xcdatamodel */,
			);
			currentVersion = 7789EA78241E532400BC92E4 /* code_orange.xcdatamodel */;
			path = code_orange.xcdatamodeld;
			sourceTree = "<group>";
			versionGroupType = wrapper.xcdatamodel;
		};
/* End XCVersionGroup section */
	};
	rootObject = 7789EA63241E532300BC92E4 /* Project object */;
}
